
Microsoft Visual Studio Solution File, Format Version 12.00
# Visual Studio 15
VisualStudioVersion = 15.0.28010.2041
MinimumVisualStudioVersion = 10.0.40219.1
Project("{FAE04EC0-301F-11D3-BF4B-00C04F79EFBC}") = "AssessmentSolution", "ConsoleApp2\AssessmentSolution.csproj", "{6EB001A2-85A5-46D3-8BE5-1065ECA5C3ED}"
EndProject
Project("{FAE04EC0-301F-11D3-BF4B-00C04F79EFBC}") = "AssessmentSolution.Test", "AssessmentSolution.Test\AssessmentSolution.Test.csproj", "{95CE6E0E-C9A1-4D8E-84DC-82DC5E7C2CD3}"
EndProject
Global
	GlobalSection(SolutionConfigurationPlatforms) = preSolution
		Debug|Any CPU = Debug|Any CPU
		Release|Any CPU = Release|Any CPU
	EndGlobalSection
	GlobalSection(ProjectConfigurationPlatforms) = postSolution
		{6EB001A2-85A5-46D3-8BE5-1065ECA5C3ED}.Debug|Any CPU.ActiveCfg = Debug|Any CPU
		{6EB001A2-85A5-46D3-8BE5-1065ECA5C3ED}.Debug|Any CPU.Build.0 = Debug|Any CPU
		{6EB001A2-85A5-46D3-8BE5-1065ECA5C3ED}.Release|Any CPU.ActiveCfg = Release|Any CPU
		{6EB001A2-85A5-46D3-8BE5-1065ECA5C3ED}.Release|Any CPU.Build.0 = Release|Any CPU
		{95CE6E0E-C9A1-4D8E-84DC-82DC5E7C2CD3}.Debug|Any CPU.ActiveCfg = Debug|Any CPU
		{95CE6E0E-C9A1-4D8E-84DC-82DC5E7C2CD3}.Debug|Any CPU.Build.0 = Debug|Any CPU
		{95CE6E0E-C9A1-4D8E-84DC-82DC5E7C2CD3}.Release|Any CPU.ActiveCfg = Release|Any CPU
		{95CE6E0E-C9A1-4D8E-84DC-82DC5E7C2CD3}.Release|Any CPU.Build.0 = Release|Any CPU
	EndGlobalSection
	GlobalSection(SolutionProperties) = preSolution
		HideSolutionNode = FALSE
	EndGlobalSection
	GlobalSection(ExtensibilityGlobals) = postSolution
		SolutionGuid = {A17A3679-5538-4323-8D7B-4F203B5967E8}
	EndGlobalSection
EndGlobal
